
Microsoft Visual Studio Solution File, Format Version 12.00
# Visual Studio Version 17
VisualStudioVersion = 17.8.34330.188
MinimumVisualStudioVersion = 10.0.40219.1
Project("{FAE04EC0-301F-11D3-BF4B-00C04F79EFBC}") = "DemoEntity", "DemoEntity\DemoEntity.csproj", "{1D5756E1-0CF8-4B0E-A2C6-24D17A6D0E3B}"
EndProject
Global
	GlobalSection(SolutionConfigurationPlatforms) = preSolution
		Debug|Any CPU = Debug|Any CPU
		Release|Any CPU = Release|Any CPU
	EndGlobalSection
	GlobalSection(ProjectConfigurationPlatforms) = postSolution
		{1D5756E1-0CF8-4B0E-A2C6-24D17A6D0E3B}.Debug|Any CPU.ActiveCfg = Debug|Any CPU
		{1D5756E1-0CF8-4B0E-A2C6-24D17A6D0E3B}.Debug|Any CPU.Build.0 = Debug|Any CPU
		{1D5756E1-0CF8-4B0E-A2C6-24D17A6D0E3B}.Release|Any CPU.ActiveCfg = Release|Any CPU
		{1D5756E1-0CF8-4B0E-A2C6-24D17A6D0E3B}.Release|Any CPU.Build.0 = Release|Any CPU
	EndGlobalSection
	GlobalSection(SolutionProperties) = preSolution
		HideSolutionNode = FALSE
	EndGlobalSection
	GlobalSection(ExtensibilityGlobals) = postSolution
		SolutionGuid = {DAD491AA-9433-40C5-A4A3-A40FECCF2B78}
	EndGlobalSection
EndGlobal
